
Microsoft Visual Studio Solution File, Format Version 12.00
# Visual Studio Version 17
VisualStudioVersion = 17.11.35312.102
MinimumVisualStudioVersion = 10.0.40219.1
Project("{FAE04EC0-301F-11D3-BF4B-00C04F79EFBC}") = "MusicAga", "MusicAga\MusicAga.csproj", "{947D51E1-290E-48FE-B305-BE4C12B8EB16}"
EndProject
Global
	GlobalSection(SolutionConfigurationPlatforms) = preSolution
		Debug|Any CPU = Debug|Any CPU
		Release|Any CPU = Release|Any CPU
	EndGlobalSection
	GlobalSection(ProjectConfigurationPlatforms) = postSolution
		{947D51E1-290E-48FE-B305-BE4C12B8EB16}.Debug|Any CPU.ActiveCfg = Debug|Any CPU
		{947D51E1-290E-48FE-B305-BE4C12B8EB16}.Debug|Any CPU.Build.0 = Debug|Any CPU
		{947D51E1-290E-48FE-B305-BE4C12B8EB16}.Release|Any CPU.ActiveCfg = Release|Any CPU
		{947D51E1-290E-48FE-B305-BE4C12B8EB16}.Release|Any CPU.Build.0 = Release|Any CPU
	EndGlobalSection
	GlobalSection(SolutionProperties) = preSolution
		HideSolutionNode = FALSE
	EndGlobalSection
	GlobalSection(ExtensibilityGlobals) = postSolution
		SolutionGuid = {BF4A18F2-7B4B-458B-983F-A63A0573B3C9}
	EndGlobalSection
EndGlobal
